
Microsoft Visual Studio Solution File, Format Version 12.00
# Visual Studio Version 17
VisualStudioVersion = 17.0.31423.177
MinimumVisualStudioVersion = 10.0.40219.1
Project("{9A19103F-16F7-4668-BE54-9A1E7A4F7556}") = "Funny String", "C sharp console\Funny String.csproj", "{1DD9E804-A0DF-474C-9F03-B0BA47F8C518}"
EndProject
Project("{9A19103F-16F7-4668-BE54-9A1E7A4F7556}") = "Gemstones", "Gemstones\Gemstones.csproj", "{3C9BB546-788B-4C91-8893-A0A163A8D26A}"
EndProject
Project("{9A19103F-16F7-4668-BE54-9A1E7A4F7556}") = "Left Rotation Of Array With the help of List", "Left Rotation Of Array\Left Rotation Of Array With the help of List.csproj", "{DCAAF87F-83A2-410A-B6A0-9C844198E504}"
EndProject
Project("{9A19103F-16F7-4668-BE54-9A1E7A4F7556}") = "Random Name Generator", "Random Name Generator\Random Name Generator.csproj", "{D0A4D536-4A65-4C4B-A649-ED79D0E5518B}"
EndProject
Project("{9A19103F-16F7-4668-BE54-9A1E7A4F7556}") = "Left rotation without the help of List", "Left rotation without the help of List\Left rotation without the help of List.csproj", "{2A681E56-D212-410E-93BB-E9CB6F612BCC}"
EndProject
Project("{9A19103F-16F7-4668-BE54-9A1E7A4F7556}") = "Sparse Array", "Sparse Array\Sparse Array.csproj", "{A024F236-5691-49F8-920A-61E58B9759C2}"
EndProject
Project("{9A19103F-16F7-4668-BE54-9A1E7A4F7556}") = "Pangrams", "Pangrams\Pangrams.csproj", "{9A8300F6-268B-4900-8427-7B2494C80048}"
EndProject
Project("{9A19103F-16F7-4668-BE54-9A1E7A4F7556}") = "Weighted Uniform Strings", "Weighted Uniform Strings\Weighted Uniform Strings.csproj", "{12847E6B-07D9-4AF5-8227-939F41E09AC5}"
EndProject
Project("{9A19103F-16F7-4668-BE54-9A1E7A4F7556}") = "classExample", "classExample\classExample.csproj", "{0C9D1DA5-B528-4AA8-813B-22CFC6EF9A03}"
EndProject
Project("{9A19103F-16F7-4668-BE54-9A1E7A4F7556}") = "Alic and Bob", "Alic and Bob\Alic and Bob.csproj", "{D112AE56-1062-48B8-8B8D-4F89C0E3DE60}"
EndProject
Project("{2150E333-8FDC-42A3-9474-1A3956D46DE8}") = "Sorting", "Sorting", "{B55E27E6-6514-4DE2-9513-5621C8EAE1E7}"
EndProject
Project("{9A19103F-16F7-4668-BE54-9A1E7A4F7556}") = "insertionSort", "selectionSort\insertionSort.csproj", "{C97662CD-E3DF-4BC8-8BB9-35A2A1539BDD}"
EndProject
Project("{9A19103F-16F7-4668-BE54-9A1E7A4F7556}") = "selectionSorts", "selectionSorts\selectionSorts.csproj", "{ABC548DA-3A28-4DA3-B2EA-C8ADEDBF66F2}"
EndProject
Project("{9A19103F-16F7-4668-BE54-9A1E7A4F7556}") = "mergeSort", "mergeSort\mergeSort.csproj", "{7B6FC242-CEA5-44DB-BF72-D82B8E893BF2}"
EndProject
Project("{9A19103F-16F7-4668-BE54-9A1E7A4F7556}") = "quickSort", "quickSort\quickSort.csproj", "{E9039EEA-1DFE-4C6A-9BCF-36A084DBAC60}"
EndProject
Project("{2150E333-8FDC-42A3-9474-1A3956D46DE8}") = "Practice", "Practice", "{D27E854E-C9D1-45C5-97EF-F60DBC2BF63C}"
EndProject
Project("{FAE04EC0-301F-11D3-BF4B-00C04F79EFBC}") = "Group Angrams", "Group Angrams\Group Angrams.csproj", "{1D25FD5B-8BE6-472B-A8F7-C0ADDBB04C60}"
EndProject
Project("{FAE04EC0-301F-11D3-BF4B-00C04F79EFBC}") = "Isomorphic String", "Isomorphic String\Isomorphic String.csproj", "{358A99B9-2323-4720-942C-E32593063C38}"
EndProject
Project("{FAE04EC0-301F-11D3-BF4B-00C04F79EFBC}") = "Valid Parentheses", "Valid Parentheses\Valid Parentheses.csproj", "{86A04FCF-FFF9-4120-A6A2-2EBF9847D820}"
EndProject
Project("{FAE04EC0-301F-11D3-BF4B-00C04F79EFBC}") = "Square Root", "Square Root\Square Root.csproj", "{0DA0F29D-6C26-4937-BB25-BF04DFFB479F}"
EndProject
Project("{FAE04EC0-301F-11D3-BF4B-00C04F79EFBC}") = "Capacity to Ship Packages Within D Days", "Capacity to Ship Packages Within D Days\Capacity to Ship Packages Within D Days.csproj", "{75033019-A244-463A-9779-35D60C04E5CC}"
EndProject
Project("{FAE04EC0-301F-11D3-BF4B-00C04F79EFBC}") = "Visible Tree Node", "Visible Tree Node\Visible Tree Node.csproj", "{B47B874C-6397-4881-BB3A-987B3240167E}"
EndProject
Project("{FAE04EC0-301F-11D3-BF4B-00C04F79EFBC}") = "IsBalanced Tree", "IsBalanced Tree\IsBalanced Tree.csproj", "{3E4C0FBD-3898-4ABE-B410-35113C65E1E9}"
EndProject
Project("{FAE04EC0-301F-11D3-BF4B-00C04F79EFBC}") = "Serializing and Deserializing Binary Tree", "Serializing and Deserializing Binary Tree\Serializing and Deserializing Binary Tree.csproj", "{F8B8AEE3-A1CD-410A-9E88-48C272C607E2}"
EndProject
Global
	GlobalSection(SolutionConfigurationPlatforms) = preSolution
		Debug|Any CPU = Debug|Any CPU
		Release|Any CPU = Release|Any CPU
	EndGlobalSection
	GlobalSection(ProjectConfigurationPlatforms) = postSolution
		{1DD9E804-A0DF-474C-9F03-B0BA47F8C518}.Debug|Any CPU.ActiveCfg = Debug|Any CPU
		{1DD9E804-A0DF-474C-9F03-B0BA47F8C518}.Debug|Any CPU.Build.0 = Debug|Any CPU
		{1DD9E804-A0DF-474C-9F03-B0BA47F8C518}.Release|Any CPU.ActiveCfg = Release|Any CPU
		{1DD9E804-A0DF-474C-9F03-B0BA47F8C518}.Release|Any CPU.Build.0 = Release|Any CPU
		{3C9BB546-788B-4C91-8893-A0A163A8D26A}.Debug|Any CPU.ActiveCfg = Debug|Any CPU
		{3C9BB546-788B-4C91-8893-A0A163A8D26A}.Debug|Any CPU.Build.0 = Debug|Any CPU
		{3C9BB546-788B-4C91-8893-A0A163A8D26A}.Release|Any CPU.ActiveCfg = Release|Any CPU
		{3C9BB546-788B-4C91-8893-A0A163A8D26A}.Release|Any CPU.Build.0 = Release|Any CPU
		{DCAAF87F-83A2-410A-B6A0-9C844198E504}.Debug|Any CPU.ActiveCfg = Debug|Any CPU
		{DCAAF87F-83A2-410A-B6A0-9C844198E504}.Debug|Any CPU.Build.0 = Debug|Any CPU
		{DCAAF87F-83A2-410A-B6A0-9C844198E504}.Release|Any CPU.ActiveCfg = Release|Any CPU
		{DCAAF87F-83A2-410A-B6A0-9C844198E504}.Release|Any CPU.Build.0 = Release|Any CPU
		{D0A4D536-4A65-4C4B-A649-ED79D0E5518B}.Debug|Any CPU.ActiveCfg = Debug|Any CPU
		{D0A4D536-4A65-4C4B-A649-ED79D0E5518B}.Debug|Any CPU.Build.0 = Debug|Any CPU
		{D0A4D536-4A65-4C4B-A649-ED79D0E5518B}.Release|Any CPU.ActiveCfg = Release|Any CPU
		{D0A4D536-4A65-4C4B-A649-ED79D0E5518B}.Release|Any CPU.Build.0 = Release|Any CPU
		{2A681E56-D212-410E-93BB-E9CB6F612BCC}.Debug|Any CPU.ActiveCfg = Debug|Any CPU
		{2A681E56-D212-410E-93BB-E9CB6F612BCC}.Debug|Any CPU.Build.0 = Debug|Any CPU
		{2A681E56-D212-410E-93BB-E9CB6F612BCC}.Release|Any CPU.ActiveCfg = Release|Any CPU
		{2A681E56-D212-410E-93BB-E9CB6F612BCC}.Release|Any CPU.Build.0 = Release|Any CPU
		{A024F236-5691-49F8-920A-61E58B9759C2}.Debug|Any CPU.ActiveCfg = Debug|Any CPU
		{A024F236-5691-49F8-920A-61E58B9759C2}.Debug|Any CPU.Build.0 = Debug|Any CPU
		{A024F236-5691-49F8-920A-61E58B9759C2}.Release|Any CPU.ActiveCfg = Release|Any CPU
		{A024F236-5691-49F8-920A-61E58B9759C2}.Release|Any CPU.Build.0 = Release|Any CPU
		{9A8300F6-268B-4900-8427-7B2494C80048}.Debug|Any CPU.ActiveCfg = Debug|Any CPU
		{9A8300F6-268B-4900-8427-7B2494C80048}.Debug|Any CPU.Build.0 = Debug|Any CPU
		{9A8300F6-268B-4900-8427-7B2494C80048}.Release|Any CPU.ActiveCfg = Release|Any CPU
		{9A8300F6-268B-4900-8427-7B2494C80048}.Release|Any CPU.Build.0 = Release|Any CPU
		{12847E6B-07D9-4AF5-8227-939F41E09AC5}.Debug|Any CPU.ActiveCfg = Debug|Any CPU
		{12847E6B-07D9-4AF5-8227-939F41E09AC5}.Debug|Any CPU.Build.0 = Debug|Any CPU
		{12847E6B-07D9-4AF5-8227-939F41E09AC5}.Release|Any CPU.ActiveCfg = Release|Any CPU
		{12847E6B-07D9-4AF5-8227-939F41E09AC5}.Release|Any CPU.Build.0 = Release|Any CPU
		{0C9D1DA5-B528-4AA8-813B-22CFC6EF9A03}.Debug|Any CPU.ActiveCfg = Debug|Any CPU
		{0C9D1DA5-B528-4AA8-813B-22CFC6EF9A03}.Debug|Any CPU.Build.0 = Debug|Any CPU
		{0C9D1DA5-B528-4AA8-813B-22CFC6EF9A03}.Release|Any CPU.ActiveCfg = Release|Any CPU
		{0C9D1DA5-B528-4AA8-813B-22CFC6EF9A03}.Release|Any CPU.Build.0 = Release|Any CPU
		{D112AE56-1062-48B8-8B8D-4F89C0E3DE60}.Debug|Any CPU.ActiveCfg = Debug|Any CPU
		{D112AE56-1062-48B8-8B8D-4F89C0E3DE60}.Debug|Any CPU.Build.0 = Debug|Any CPU
		{D112AE56-1062-48B8-8B8D-4F89C0E3DE60}.Release|Any CPU.ActiveCfg = Release|Any CPU
		{D112AE56-1062-48B8-8B8D-4F89C0E3DE60}.Release|Any CPU.Build.0 = Release|Any CPU
		{C97662CD-E3DF-4BC8-8BB9-35A2A1539BDD}.Debug|Any CPU.ActiveCfg = Debug|Any CPU
		{C97662CD-E3DF-4BC8-8BB9-35A2A1539BDD}.Debug|Any CPU.Build.0 = Debug|Any CPU
		{C97662CD-E3DF-4BC8-8BB9-35A2A1539BDD}.Release|Any CPU.ActiveCfg = Release|Any CPU
		{C97662CD-E3DF-4BC8-8BB9-35A2A1539BDD}.Release|Any CPU.Build.0 = Release|Any CPU
		{ABC548DA-3A28-4DA3-B2EA-C8ADEDBF66F2}.Debug|Any CPU.ActiveCfg = Debug|Any CPU
		{ABC548DA-3A28-4DA3-B2EA-C8ADEDBF66F2}.Debug|Any CPU.Build.0 = Debug|Any CPU
		{ABC548DA-3A28-4DA3-B2EA-C8ADEDBF66F2}.Release|Any CPU.ActiveCfg = Release|Any CPU
		{ABC548DA-3A28-4DA3-B2EA-C8ADEDBF66F2}.Release|Any CPU.Build.0 = Release|Any CPU
		{7B6FC242-CEA5-44DB-BF72-D82B8E893BF2}.Debug|Any CPU.ActiveCfg = Debug|Any CPU
		{7B6FC242-CEA5-44DB-BF72-D82B8E893BF2}.Debug|Any CPU.Build.0 = Debug|Any CPU
		{7B6FC242-CEA5-44DB-BF72-D82B8E893BF2}.Release|Any CPU.ActiveCfg = Release|Any CPU
		{7B6FC242-CEA5-44DB-BF72-D82B8E893BF2}.Release|Any CPU.Build.0 = Release|Any CPU
		{E9039EEA-1DFE-4C6A-9BCF-36A084DBAC60}.Debug|Any CPU.ActiveCfg = Debug|Any CPU
		{E9039EEA-1DFE-4C6A-9BCF-36A084DBAC60}.Debug|Any CPU.Build.0 = Debug|Any CPU
		{E9039EEA-1DFE-4C6A-9BCF-36A084DBAC60}.Release|Any CPU.ActiveCfg = Release|Any CPU
		{E9039EEA-1DFE-4C6A-9BCF-36A084DBAC60}.Release|Any CPU.Build.0 = Release|Any CPU
		{1D25FD5B-8BE6-472B-A8F7-C0ADDBB04C60}.Debug|Any CPU.ActiveCfg = Debug|Any CPU
		{1D25FD5B-8BE6-472B-A8F7-C0ADDBB04C60}.Debug|Any CPU.Build.0 = Debug|Any CPU
		{1D25FD5B-8BE6-472B-A8F7-C0ADDBB04C60}.Release|Any CPU.ActiveCfg = Release|Any CPU
		{1D25FD5B-8BE6-472B-A8F7-C0ADDBB04C60}.Release|Any CPU.Build.0 = Release|Any CPU
		{358A99B9-2323-4720-942C-E32593063C38}.Debug|Any CPU.ActiveCfg = Debug|Any CPU
		{358A99B9-2323-4720-942C-E32593063C38}.Debug|Any CPU.Build.0 = Debug|Any CPU
		{358A99B9-2323-4720-942C-E32593063C38}.Release|Any CPU.ActiveCfg = Release|Any CPU
		{358A99B9-2323-4720-942C-E32593063C38}.Release|Any CPU.Build.0 = Release|Any CPU
		{86A04FCF-FFF9-4120-A6A2-2EBF9847D820}.Debug|Any CPU.ActiveCfg = Debug|Any CPU
		{86A04FCF-FFF9-4120-A6A2-2EBF9847D820}.Debug|Any CPU.Build.0 = Debug|Any CPU
		{86A04FCF-FFF9-4120-A6A2-2EBF9847D820}.Release|Any CPU.ActiveCfg = Release|Any CPU
		{86A04FCF-FFF9-4120-A6A2-2EBF9847D820}.Release|Any CPU.Build.0 = Release|Any CPU
		{0DA0F29D-6C26-4937-BB25-BF04DFFB479F}.Debug|Any CPU.ActiveCfg = Debug|Any CPU
		{0DA0F29D-6C26-4937-BB25-BF04DFFB479F}.Debug|Any CPU.Build.0 = Debug|Any CPU
		{0DA0F29D-6C26-4937-BB25-BF04DFFB479F}.Release|Any CPU.ActiveCfg = Release|Any CPU
		{0DA0F29D-6C26-4937-BB25-BF04DFFB479F}.Release|Any CPU.Build.0 = Release|Any CPU
		{75033019-A244-463A-9779-35D60C04E5CC}.Debug|Any CPU.ActiveCfg = Debug|Any CPU
		{75033019-A244-463A-9779-35D60C04E5CC}.Debug|Any CPU.Build.0 = Debug|Any CPU
		{75033019-A244-463A-9779-35D60C04E5CC}.Release|Any CPU.ActiveCfg = Release|Any CPU
		{75033019-A244-463A-9779-35D60C04E5CC}.Release|Any CPU.Build.0 = Release|Any CPU
		{B47B874C-6397-4881-BB3A-987B3240167E}.Debug|Any CPU.ActiveCfg = Debug|Any CPU
		{B47B874C-6397-4881-BB3A-987B3240167E}.Debug|Any CPU.Build.0 = Debug|Any CPU
		{B47B874C-6397-4881-BB3A-987B3240167E}.Release|Any CPU.ActiveCfg = Release|Any CPU
		{B47B874C-6397-4881-BB3A-987B3240167E}.Release|Any CPU.Build.0 = Release|Any CPU
		{3E4C0FBD-3898-4ABE-B410-35113C65E1E9}.Debug|Any CPU.ActiveCfg = Debug|Any CPU
		{3E4C0FBD-3898-4ABE-B410-35113C65E1E9}.Debug|Any CPU.Build.0 = Debug|Any CPU
		{3E4C0FBD-3898-4ABE-B410-35113C65E1E9}.Release|Any CPU.ActiveCfg = Release|Any CPU
		{3E4C0FBD-3898-4ABE-B410-35113C65E1E9}.Release|Any CPU.Build.0 = Release|Any CPU
		{F8B8AEE3-A1CD-410A-9E88-48C272C607E2}.Debug|Any CPU.ActiveCfg = Debug|Any CPU
		{F8B8AEE3-A1CD-410A-9E88-48C272C607E2}.Debug|Any CPU.Build.0 = Debug|Any CPU
		{F8B8AEE3-A1CD-410A-9E88-48C272C607E2}.Release|Any CPU.ActiveCfg = Release|Any CPU
		{F8B8AEE3-A1CD-410A-9E88-48C272C607E2}.Release|Any CPU.Build.0 = Release|Any CPU
	EndGlobalSection
	GlobalSection(SolutionProperties) = preSolution
		HideSolutionNode = FALSE
	EndGlobalSection
	GlobalSection(NestedProjects) = preSolution
		{C97662CD-E3DF-4BC8-8BB9-35A2A1539BDD} = {B55E27E6-6514-4DE2-9513-5621C8EAE1E7}
		{ABC548DA-3A28-4DA3-B2EA-C8ADEDBF66F2} = {B55E27E6-6514-4DE2-9513-5621C8EAE1E7}
		{7B6FC242-CEA5-44DB-BF72-D82B8E893BF2} = {B55E27E6-6514-4DE2-9513-5621C8EAE1E7}
		{E9039EEA-1DFE-4C6A-9BCF-36A084DBAC60} = {B55E27E6-6514-4DE2-9513-5621C8EAE1E7}
		{1D25FD5B-8BE6-472B-A8F7-C0ADDBB04C60} = {D27E854E-C9D1-45C5-97EF-F60DBC2BF63C}
		{358A99B9-2323-4720-942C-E32593063C38} = {D27E854E-C9D1-45C5-97EF-F60DBC2BF63C}
		{86A04FCF-FFF9-4120-A6A2-2EBF9847D820} = {D27E854E-C9D1-45C5-97EF-F60DBC2BF63C}
		{0DA0F29D-6C26-4937-BB25-BF04DFFB479F} = {D27E854E-C9D1-45C5-97EF-F60DBC2BF63C}
		{75033019-A244-463A-9779-35D60C04E5CC} = {D27E854E-C9D1-45C5-97EF-F60DBC2BF63C}
		{B47B874C-6397-4881-BB3A-987B3240167E} = {D27E854E-C9D1-45C5-97EF-F60DBC2BF63C}
		{3E4C0FBD-3898-4ABE-B410-35113C65E1E9} = {D27E854E-C9D1-45C5-97EF-F60DBC2BF63C}
		{F8B8AEE3-A1CD-410A-9E88-48C272C607E2} = {D27E854E-C9D1-45C5-97EF-F60DBC2BF63C}
	EndGlobalSection
	GlobalSection(ExtensibilityGlobals) = postSolution
		SolutionGuid = {D31C7D93-79A6-4423-A704-3023A6118407}
	EndGlobalSection
EndGlobal
